
Microsoft Visual Studio Solution File, Format Version 12.00
# Visual Studio 2015
Project("{FAE04EC0-301F-11D3-BF4B-00C04F79EFBC}") = "Dunjions", "Dunjions.csproj", "{744E33DB-C9DC-4B40-5470-A93F8663420D}"
EndProject
Global
	GlobalSection(SolutionConfigurationPlatforms) = preSolution
		Debug|Any CPU = Debug|Any CPU
		Release|Any CPU = Release|Any CPU
	EndGlobalSection
	GlobalSection(ProjectConfigurationPlatforms) = postSolution
		{744E33DB-C9DC-4B40-5470-A93F8663420D}.Debug|Any CPU.ActiveCfg = Debug|Any CPU
		{744E33DB-C9DC-4B40-5470-A93F8663420D}.Debug|Any CPU.Build.0 = Debug|Any CPU
		{744E33DB-C9DC-4B40-5470-A93F8663420D}.Release|Any CPU.ActiveCfg = Release|Any CPU
		{744E33DB-C9DC-4B40-5470-A93F8663420D}.Release|Any CPU.Build.0 = Release|Any CPU
	EndGlobalSection
	GlobalSection(SolutionProperties) = preSolution
		HideSolutionNode = FALSE
	EndGlobalSection
EndGlobal
